
Microsoft Visual Studio Solution File, Format Version 12.00
# Visual Studio Version 16
VisualStudioVersion = 16.0.30309.148
MinimumVisualStudioVersion = 10.0.40219.1
Project("{FAE04EC0-301F-11D3-BF4B-00C04F79EFBC}") = "QuanLyTTB", "QuanLyTTB\QuanLyTTB.csproj", "{32E98B46-F32E-4DFA-82F6-771134CABAAE}"
EndProject
Global
	GlobalSection(SolutionConfigurationPlatforms) = preSolution
		Debug|Any CPU = Debug|Any CPU
		Release|Any CPU = Release|Any CPU
	EndGlobalSection
	GlobalSection(ProjectConfigurationPlatforms) = postSolution
		{32E98B46-F32E-4DFA-82F6-771134CABAAE}.Debug|Any CPU.ActiveCfg = Debug|Any CPU
		{32E98B46-F32E-4DFA-82F6-771134CABAAE}.Debug|Any CPU.Build.0 = Debug|Any CPU
		{32E98B46-F32E-4DFA-82F6-771134CABAAE}.Release|Any CPU.ActiveCfg = Release|Any CPU
		{32E98B46-F32E-4DFA-82F6-771134CABAAE}.Release|Any CPU.Build.0 = Release|Any CPU
	EndGlobalSection
	GlobalSection(SolutionProperties) = preSolution
		HideSolutionNode = FALSE
	EndGlobalSection
	GlobalSection(ExtensibilityGlobals) = postSolution
		SolutionGuid = {4E175A9D-169C-4B3A-83D1-E5E26970E385}
	EndGlobalSection
EndGlobal
